
Microsoft Visual Studio Solution File, Format Version 12.00
# Visual Studio Version 17
VisualStudioVersion = 17.13.35617.110 d17.13
MinimumVisualStudioVersion = 10.0.40219.1
Project("{FAE04EC0-301F-11D3-BF4B-00C04F79EFBC}") = "ProductManagementSystem", "ProductManagementSystem\ProductManagementSystem.csproj", "{34D3D91A-6C01-4A5B-8F75-4ADF140D8207}"
EndProject
Global
	GlobalSection(SolutionConfigurationPlatforms) = preSolution
		Debug|Any CPU = Debug|Any CPU
		Release|Any CPU = Release|Any CPU
	EndGlobalSection
	GlobalSection(ProjectConfigurationPlatforms) = postSolution
		{34D3D91A-6C01-4A5B-8F75-4ADF140D8207}.Debug|Any CPU.ActiveCfg = Debug|Any CPU
		{34D3D91A-6C01-4A5B-8F75-4ADF140D8207}.Debug|Any CPU.Build.0 = Debug|Any CPU
		{34D3D91A-6C01-4A5B-8F75-4ADF140D8207}.Release|Any CPU.ActiveCfg = Release|Any CPU
		{34D3D91A-6C01-4A5B-8F75-4ADF140D8207}.Release|Any CPU.Build.0 = Release|Any CPU
	EndGlobalSection
	GlobalSection(SolutionProperties) = preSolution
		HideSolutionNode = FALSE
	EndGlobalSection
	GlobalSection(ExtensibilityGlobals) = postSolution
		SolutionGuid = {483DD11C-0205-48AB-96A8-9F2AC5D1415C}
	EndGlobalSection
EndGlobal
